// !$*UTF8*$!
{
	archiveVersion = 1;
	classes = {
	};
	objectVersion = 46;
	objects = {

/* Begin PBXBuildFile section */
		023B3F031EF3CF1000FAB1AB /* main.swift in Sources */ = {isa = PBXBuildFile; fileRef = 023B3F021EF3CF1000FAB1AB /* main.swift */; };
		023B3F0A1EF3CF2500FAB1AB /* User.swift in Sources */ = {isa = PBXBuildFile; fileRef = 023B3F091EF3CF2500FAB1AB /* User.swift */; };
		023B3F0C1EF3CFB300FAB1AB /* Request.swift in Sources */ = {isa = PBXBuildFile; fileRef = 023B3F0B1EF3CFB300FAB1AB /* Request.swift */; };
		023B3F0E1EF3D01200FAB1AB /* UserRequest.swift in Sources */ = {isa = PBXBuildFile; fileRef = 023B3F0D1EF3D01200FAB1AB /* UserRequest.swift */; };
/* End PBXBuildFile section */

/* Begin PBXCopyFilesBuildPhase section */
		023B3EFD1EF3CF1000FAB1AB /* CopyFiles */ = {
			isa = PBXCopyFilesBuildPhase;
			buildActionMask = 2147483647;
			dstPath = /usr/share/man/man1/;
			dstSubfolderSpec = 0;
			files = (
			);
			runOnlyForDeploymentPostprocessing = 1;
		};
/* End PBXCopyFilesBuildPhase section */

/* Begin PBXFileReference section */
		023B3EFF1EF3CF1000FAB1AB /* POP Test */ = {isa = PBXFileReference; explicitFileType = "compiled.mach-o.executable"; includeInIndex = 0; path = "POP Test"; sourceTree = BUILT_PRODUCTS_DIR; };
		023B3F021EF3CF1000FAB1AB /* main.swift */ = {isa = PBXFileReference; lastKnownFileType = sourcecode.swift; path = main.swift; sourceTree = "<group>"; };
		023B3F091EF3CF2500FAB1AB /* User.swift */ = {isa = PBXFileReference; fileEncoding = 4; lastKnownFileType = sourcecode.swift; path = User.swift; sourceTree = "<group>"; };
		023B3F0B1EF3CFB300FAB1AB /* Request.swift */ = {isa = PBXFileReference; fileEncoding = 4; lastKnownFileType = sourcecode.swift; path = Request.swift; sourceTree = "<group>"; };
		023B3F0D1EF3D01200FAB1AB /* UserRequest.swift */ = {isa = PBXFileReference; fileEncoding = 4; lastKnownFileType = sourcecode.swift; path = UserRequest.swift; sourceTree = "<group>"; };
/* End PBXFileReference section */

/* Begin PBXFrameworksBuildPhase section */
		023B3EFC1EF3CF1000FAB1AB /* Frameworks */ = {
			isa = PBXFrameworksBuildPhase;
			buildActionMask = 2147483647;
			files = (
			);
			runOnlyForDeploymentPostprocessing = 0;
		};
/* End PBXFrameworksBuildPhase section */

/* Begin PBXGroup section */
		023B3EF61EF3CF1000FAB1AB = {
			isa = PBXGroup;
			children = (
				023B3F011EF3CF1000FAB1AB /* POP Test */,
				023B3F001EF3CF1000FAB1AB /* Products */,
			);
			sourceTree = "<group>";
		};
		023B3F001EF3CF1000FAB1AB /* Products */ = {
			isa = PBXGroup;
			children = (
				023B3EFF1EF3CF1000FAB1AB /* POP Test */,
			);
			name = Products;
			sourceTree = "<group>";
		};
		023B3F011EF3CF1000FAB1AB /* POP Test */ = {
			isa = PBXGroup;
			children = (
				023B3F021EF3CF1000FAB1AB /* main.swift */,
				023B3F091EF3CF2500FAB1AB /* User.swift */,
				023B3F0B1EF3CFB300FAB1AB /* Request.swift */,
				023B3F0D1EF3D01200FAB1AB /* UserRequest.swift */,
			);
			path = "POP Test";
			sourceTree = "<group>";
		};
/* End PBXGroup section */

/* Begin PBXNativeTarget section */
		023B3EFE1EF3CF1000FAB1AB /* POP Test */ = {
			isa = PBXNativeTarget;
			buildConfigurationList = 023B3F061EF3CF1000FAB1AB /* Build configuration list for PBXNativeTarget "POP Test" */;
			buildPhases = (
				023B3EFB1EF3CF1000FAB1AB /* Sources */,
				023B3EFC1EF3CF1000FAB1AB /* Frameworks */,
				023B3EFD1EF3CF1000FAB1AB /* CopyFiles */,
			);
			buildRules = (
			);
			dependencies = (
			);
			name = "POP Test";
			productName = "POP Test";
			productReference = 023B3EFF1EF3CF1000FAB1AB /* POP Test */;
			productType = "com.apple.product-type.tool";
		};
/* End PBXNativeTarget section */

/* Begin PBXProject section */
		023B3EF71EF3CF1000FAB1AB /* Project object */ = {
			isa = PBXProject;
			attributes = {
				LastSwiftUpdateCheck = 0830;
				LastUpgradeCheck = 0830;
				ORGANIZATIONNAME = hanguang;
				TargetAttributes = {
					023B3EFE1EF3CF1000FAB1AB = {
						CreatedOnToolsVersion = 8.3.3;
						DevelopmentTeam = 2L4985KKX7;
						ProvisioningStyle = Automatic;
					};
				};
			};
			buildConfigurationList = 023B3EFA1EF3CF1000FAB1AB /* Build configuration list for PBXProject "POP Test" */;
			compatibilityVersion = "Xcode 3.2";
			developmentRegion = English;
			hasScannedForEncodings = 0;
			knownRegions = (
				en,
			);
			mainGroup = 023B3EF61EF3CF1000FAB1AB;
			productRefGroup = 023B3F001EF3CF1000FAB1AB /* Products */;
			projectDirPath = "";
			projectRoot = "";
			targets = (
				023B3EFE1EF3CF1000FAB1AB /* POP Test */,
			);
		};
/* End PBXProject section */

/* Begin PBXSourcesBuildPhase section */
		023B3EFB1EF3CF1000FAB1AB /* Sources */ = {
			isa = PBXSourcesBuildPhase;
			buildActionMask = 2147483647;
			files = (
				023B3F0E1EF3D01200FAB1AB /* UserRequest.swift in Sources */,
				023B3F0A1EF3CF2500FAB1AB /* User.swift in Sources */,
				023B3F0C1EF3CFB300FAB1AB /* Request.swift in Sources */,
				023B3F031EF3CF1000FAB1AB /* main.swift in Sources */,
			);
			runOnlyForDeploymentPostprocessing = 0;
		};
/* End PBXSourcesBuildPhase section */

/* Begin XCBuildConfiguration section */
		023B3F041EF3CF1000FAB1AB /* Debug */ = {
			isa = XCBuildConfiguration;
			buildSettings = {
				ALWAYS_SEARCH_USER_PATHS = NO;
				CLANG_ANALYZER_NONNULL = YES;
				CLANG_ANALYZER_NUMBER_OBJECT_CONVERSION = YES_AGGRESSIVE;
				CLANG_CXX_LANGUAGE_STANDARD = "gnu++0x";
				CLANG_CXX_LIBRARY = "libc++";
				CLANG_ENABLE_MODULES = YES;
				CLANG_ENABLE_OBJC_ARC = YES;
				CLANG_WARN_BOOL_CONVERSION = YES;
				CLANG_WARN_CONSTANT_CONVERSION = YES;
				CLANG_WARN_DIRECT_OBJC_ISA_USAGE = YES_ERROR;
				CLANG_WARN_DOCUMENTATION_COMMENTS = YES;
				CLANG_WARN_EMPTY_BODY = YES;
				CLANG_WARN_ENUM_CONVERSION = YES;
				CLANG_WARN_INFINITE_RECURSION = YES;
				CLANG_WARN_INT_CONVERSION = YES;
				CLANG_WARN_OBJC_ROOT_CLASS = YES_ERROR;
				CLANG_WARN_SUSPICIOUS_MOVE = YES;
				CLANG_WARN_UNREACHABLE_CODE = YES;
				CLANG_WARN__DUPLICATE_METHOD_MATCH = YES;
				CODE_SIGN_IDENTITY = "-";
				COPY_PHASE_STRIP = NO;
				DEBUG_INFORMATION_FORMAT = dwarf;
				ENABLE_STRICT_OBJC_MSGSEND = YES;
				ENABLE_TESTABILITY = YES;
				GCC_C_LANGUAGE_STANDARD = gnu99;
				GCC_DYNAMIC_NO_PIC = NO;
				GCC_NO_COMMON_BLOCKS = YES;
				GCC_OPTIMIZATION_LEVEL = 0;
				GCC_PREPROCESSOR_DEFINITIONS = (
					"DEBUG=1",
					"$(inherited)",
				);
				GCC_WARN_64_TO_32_BIT_CONVERSION = YES;
				GCC_WARN_ABOUT_RETURN_TYPE = YES_ERROR;
				GCC_WARN_UNDECLARED_SELECTOR = YES;
				GCC_WARN_UNINITIALIZED_AUTOS = YES_AGGRESSIVE;
				GCC_WARN_UNUSED_FUNCTION = YES;
				GCC_WARN_UNUSED_VARIABLE = YES;
				MACOSX_DEPLOYMENT_TARGET = 10.12;
				MTL_ENABLE_DEBUG_INFO = YES;
				ONLY_ACTIVE_ARCH = YES;
				SDKROOT = macosx;
				SWIFT_OPTIMIZATION_LEVEL = "-Onone";
			};
			name = Debug;
		};
		023B3F051EF3CF1000FAB1AB /* Release */ = {
			isa = XCBuildConfiguration;
			buildSettings = {
				ALWAYS_SEARCH_USER_PATHS = NO;
				CLANG_ANALYZER_NONNULL = YES;
				CLANG_ANALYZER_NUMBER_OBJECT_CONVERSION = YES_AGGRESSIVE;
				CLANG_CXX_LANGUAGE_STANDARD = "gnu++0x";
				CLANG_CXX_LIBRARY = "libc++";
				CLANG_ENABLE_MODULES = YES;
				CLANG_ENABLE_OBJC_ARC = YES;
				CLANG_WARN_BOOL_CONVERSION = YES;
				CLANG_WARN_CONSTANT_CONVERSION = YES;
				CLANG_WARN_DIRECT_OBJC_ISA_USAGE = YES_ERROR;
				CLANG_WARN_DOCUMENTATION_COMMENTS = YES;
				CLANG_WARN_EMPTY_BODY = YES;
				CLANG_WARN_ENUM_CONVERSION = YES;
				CLANG_WARN_INFINITE_RECURSION = YES;
				CLANG_WARN_INT_CONVERSION = YES;
				CLANG_WARN_OBJC_ROOT_CLASS = YES_ERROR;
				CLANG_WARN_SUSPICIOUS_MOVE = YES;
				CLANG_WARN_UNREACHABLE_CODE = YES;
				CLANG_WARN__DUPLICATE_METHOD_MATCH = YES;
				CODE_SIGN_IDENTITY = "-";
				COPY_PHASE_STRIP = NO;
				DEBUG_INFORMATION_FORMAT = "dwarf-with-dsym";
				ENABLE_NS_ASSERTIONS = NO;
				ENABLE_STRICT_OBJC_MSGSEND = YES;
				GCC_C_LANGUAGE_STANDARD = gnu99;
				GCC_NO_COMMON_BLOCKS = YES;
				GCC_WARN_64_TO_32_BIT_CONVERSION = YES;
				GCC_WARN_ABOUT_RETURN_TYPE = YES_ERROR;
				GCC_WARN_UNDECLARED_SELECTOR = YES;
				GCC_WARN_UNINITIALIZED_AUTOS = YES_AGGRESSIVE;
				GCC_WARN_UNUSED_FUNCTION = YES;
				GCC_WARN_UNUSED_VARIABLE = YES;
				MACOSX_DEPLOYMENT_TARGET = 10.12;
				MTL_ENABLE_DEBUG_INFO = NO;
				SDKROOT = macosx;
			};
			name = Release;
		};
		023B3F071EF3CF1000FAB1AB /* Debug */ = {
			isa = XCBuildConfiguration;
			buildSettings = {
				DEVELOPMENT_TEAM = 2L4985KKX7;
				PRODUCT_NAME = "$(TARGET_NAME)";
				SWIFT_VERSION = 3.0;
			};
			name = Debug;
		};
		023B3F081EF3CF1000FAB1AB /* Release */ = {
			isa = XCBuildConfiguration;
			buildSettings = {
				DEVELOPMENT_TEAM = 2L4985KKX7;
				PRODUCT_NAME = "$(TARGET_NAME)";
				SWIFT_VERSION = 3.0;
			};
			name = Release;
		};
/* End XCBuildConfiguration section */

/* Begin XCConfigurationList section */
		023B3EFA1EF3CF1000FAB1AB /* Build configuration list for PBXProject "POP Test" */ = {
			isa = XCConfigurationList;
			buildConfigurations = (
				023B3F041EF3CF1000FAB1AB /* Debug */,
				023B3F051EF3CF1000FAB1AB /* Release */,
			);
			defaultConfigurationIsVisible = 0;
			defaultConfigurationName = Release;
		};
		023B3F061EF3CF1000FAB1AB /* Build configuration list for PBXNativeTarget "POP Test" */ = {
			isa = XCConfigurationList;
			buildConfigurations = (
				023B3F071EF3CF1000FAB1AB /* Debug */,
				023B3F081EF3CF1000FAB1AB /* Release */,
			);
			defaultConfigurationIsVisible = 0;
		};
/* End XCConfigurationList section */
	};
	rootObject = 023B3EF71EF3CF1000FAB1AB /* Project object */;
}
