// !$*UTF8*$!
{
	archiveVersion = 1;
	classes = {
	};
	objectVersion = 46;
	objects = {

/* Begin PBXBuildFile section */
		023B3F1C1EF3DEBD00FAB1AB /* AppDelegate.swift in Sources */ = {isa = PBXBuildFile; fileRef = 023B3F1B1EF3DEBD00FAB1AB /* AppDelegate.swift */; };
		023B3F1E1EF3DEBD00FAB1AB /* ViewController.swift in Sources */ = {isa = PBXBuildFile; fileRef = 023B3F1D1EF3DEBD00FAB1AB /* ViewController.swift */; };
		023B3F211EF3DEBD00FAB1AB /* Main.storyboard in Resources */ = {isa = PBXBuildFile; fileRef = 023B3F1F1EF3DEBD00FAB1AB /* Main.storyboard */; };
		023B3F231EF3DEBD00FAB1AB /* Assets.xcassets in Resources */ = {isa = PBXBuildFile; fileRef = 023B3F221EF3DEBD00FAB1AB /* Assets.xcassets */; };
		023B3F261EF3DEBD00FAB1AB /* LaunchScreen.storyboard in Resources */ = {isa = PBXBuildFile; fileRef = 023B3F241EF3DEBD00FAB1AB /* LaunchScreen.storyboard */; };
		023B3F301EF3DEDA00FAB1AB /* Request.swift in Sources */ = {isa = PBXBuildFile; fileRef = 023B3F2D1EF3DEDA00FAB1AB /* Request.swift */; };
		023B3F311EF3DEDA00FAB1AB /* User.swift in Sources */ = {isa = PBXBuildFile; fileRef = 023B3F2E1EF3DEDA00FAB1AB /* User.swift */; };
		023B3F321EF3DEDA00FAB1AB /* UserRequest.swift in Sources */ = {isa = PBXBuildFile; fileRef = 023B3F2F1EF3DEDA00FAB1AB /* UserRequest.swift */; };
		023B3F341EF76EB300FAB1AB /* Client.swift in Sources */ = {isa = PBXBuildFile; fileRef = 023B3F331EF76EB300FAB1AB /* Client.swift */; };
		023B3F361EF7771000FAB1AB /* Decodable.swift in Sources */ = {isa = PBXBuildFile; fileRef = 023B3F351EF7771000FAB1AB /* Decodable.swift */; };
/* End PBXBuildFile section */

/* Begin PBXFileReference section */
		023B3F181EF3DEBD00FAB1AB /* POP iOS.app */ = {isa = PBXFileReference; explicitFileType = wrapper.application; includeInIndex = 0; path = "POP iOS.app"; sourceTree = BUILT_PRODUCTS_DIR; };
		023B3F1B1EF3DEBD00FAB1AB /* AppDelegate.swift */ = {isa = PBXFileReference; lastKnownFileType = sourcecode.swift; path = AppDelegate.swift; sourceTree = "<group>"; };
		023B3F1D1EF3DEBD00FAB1AB /* ViewController.swift */ = {isa = PBXFileReference; lastKnownFileType = sourcecode.swift; path = ViewController.swift; sourceTree = "<group>"; };
		023B3F201EF3DEBD00FAB1AB /* Base */ = {isa = PBXFileReference; lastKnownFileType = file.storyboard; name = Base; path = Base.lproj/Main.storyboard; sourceTree = "<group>"; };
		023B3F221EF3DEBD00FAB1AB /* Assets.xcassets */ = {isa = PBXFileReference; lastKnownFileType = folder.assetcatalog; path = Assets.xcassets; sourceTree = "<group>"; };
		023B3F251EF3DEBD00FAB1AB /* Base */ = {isa = PBXFileReference; lastKnownFileType = file.storyboard; name = Base; path = Base.lproj/LaunchScreen.storyboard; sourceTree = "<group>"; };
		023B3F271EF3DEBD00FAB1AB /* Info.plist */ = {isa = PBXFileReference; lastKnownFileType = text.plist.xml; path = Info.plist; sourceTree = "<group>"; };
		023B3F2D1EF3DEDA00FAB1AB /* Request.swift */ = {isa = PBXFileReference; fileEncoding = 4; lastKnownFileType = sourcecode.swift; path = Request.swift; sourceTree = "<group>"; };
		023B3F2E1EF3DEDA00FAB1AB /* User.swift */ = {isa = PBXFileReference; fileEncoding = 4; lastKnownFileType = sourcecode.swift; path = User.swift; sourceTree = "<group>"; };
		023B3F2F1EF3DEDA00FAB1AB /* UserRequest.swift */ = {isa = PBXFileReference; fileEncoding = 4; lastKnownFileType = sourcecode.swift; path = UserRequest.swift; sourceTree = "<group>"; };
		023B3F331EF76EB300FAB1AB /* Client.swift */ = {isa = PBXFileReference; fileEncoding = 4; lastKnownFileType = sourcecode.swift; path = Client.swift; sourceTree = "<group>"; };
		023B3F351EF7771000FAB1AB /* Decodable.swift */ = {isa = PBXFileReference; fileEncoding = 4; lastKnownFileType = sourcecode.swift; path = Decodable.swift; sourceTree = "<group>"; };
/* End PBXFileReference section */

/* Begin PBXFrameworksBuildPhase section */
		023B3F151EF3DEBD00FAB1AB /* Frameworks */ = {
			isa = PBXFrameworksBuildPhase;
			buildActionMask = 2147483647;
			files = (
			);
			runOnlyForDeploymentPostprocessing = 0;
		};
/* End PBXFrameworksBuildPhase section */

/* Begin PBXGroup section */
		023B3F0F1EF3DEBD00FAB1AB = {
			isa = PBXGroup;
			children = (
				023B3F1A1EF3DEBD00FAB1AB /* POP iOS */,
				023B3F191EF3DEBD00FAB1AB /* Products */,
			);
			sourceTree = "<group>";
		};
		023B3F191EF3DEBD00FAB1AB /* Products */ = {
			isa = PBXGroup;
			children = (
				023B3F181EF3DEBD00FAB1AB /* POP iOS.app */,
			);
			name = Products;
			sourceTree = "<group>";
		};
		023B3F1A1EF3DEBD00FAB1AB /* POP iOS */ = {
			isa = PBXGroup;
			children = (
				023B3F2D1EF3DEDA00FAB1AB /* Request.swift */,
				023B3F331EF76EB300FAB1AB /* Client.swift */,
				023B3F351EF7771000FAB1AB /* Decodable.swift */,
				023B3F2E1EF3DEDA00FAB1AB /* User.swift */,
				023B3F2F1EF3DEDA00FAB1AB /* UserRequest.swift */,
				023B3F1B1EF3DEBD00FAB1AB /* AppDelegate.swift */,
				023B3F1D1EF3DEBD00FAB1AB /* ViewController.swift */,
				023B3F1F1EF3DEBD00FAB1AB /* Main.storyboard */,
				023B3F221EF3DEBD00FAB1AB /* Assets.xcassets */,
				023B3F241EF3DEBD00FAB1AB /* LaunchScreen.storyboard */,
				023B3F271EF3DEBD00FAB1AB /* Info.plist */,
			);
			path = "POP iOS";
			sourceTree = "<group>";
		};
/* End PBXGroup section */

/* Begin PBXNativeTarget section */
		023B3F171EF3DEBD00FAB1AB /* POP iOS */ = {
			isa = PBXNativeTarget;
			buildConfigurationList = 023B3F2A1EF3DEBD00FAB1AB /* Build configuration list for PBXNativeTarget "POP iOS" */;
			buildPhases = (
				023B3F141EF3DEBD00FAB1AB /* Sources */,
				023B3F151EF3DEBD00FAB1AB /* Frameworks */,
				023B3F161EF3DEBD00FAB1AB /* Resources */,
			);
			buildRules = (
			);
			dependencies = (
			);
			name = "POP iOS";
			productName = "POP iOS";
			productReference = 023B3F181EF3DEBD00FAB1AB /* POP iOS.app */;
			productType = "com.apple.product-type.application";
		};
/* End PBXNativeTarget section */

/* Begin PBXProject section */
		023B3F101EF3DEBD00FAB1AB /* Project object */ = {
			isa = PBXProject;
			attributes = {
				LastSwiftUpdateCheck = 0830;
				LastUpgradeCheck = 0830;
				ORGANIZATIONNAME = hanguang;
				TargetAttributes = {
					023B3F171EF3DEBD00FAB1AB = {
						CreatedOnToolsVersion = 8.3.3;
						DevelopmentTeam = 2L4985KKX7;
						ProvisioningStyle = Automatic;
					};
				};
			};
			buildConfigurationList = 023B3F131EF3DEBD00FAB1AB /* Build configuration list for PBXProject "POP iOS" */;
			compatibilityVersion = "Xcode 3.2";
			developmentRegion = English;
			hasScannedForEncodings = 0;
			knownRegions = (
				en,
				Base,
			);
			mainGroup = 023B3F0F1EF3DEBD00FAB1AB;
			productRefGroup = 023B3F191EF3DEBD00FAB1AB /* Products */;
			projectDirPath = "";
			projectRoot = "";
			targets = (
				023B3F171EF3DEBD00FAB1AB /* POP iOS */,
			);
		};
/* End PBXProject section */

/* Begin PBXResourcesBuildPhase section */
		023B3F161EF3DEBD00FAB1AB /* Resources */ = {
			isa = PBXResourcesBuildPhase;
			buildActionMask = 2147483647;
			files = (
				023B3F261EF3DEBD00FAB1AB /* LaunchScreen.storyboard in Resources */,
				023B3F231EF3DEBD00FAB1AB /* Assets.xcassets in Resources */,
				023B3F211EF3DEBD00FAB1AB /* Main.storyboard in Resources */,
			);
			runOnlyForDeploymentPostprocessing = 0;
		};
/* End PBXResourcesBuildPhase section */

/* Begin PBXSourcesBuildPhase section */
		023B3F141EF3DEBD00FAB1AB /* Sources */ = {
			isa = PBXSourcesBuildPhase;
			buildActionMask = 2147483647;
			files = (
				023B3F311EF3DEDA00FAB1AB /* User.swift in Sources */,
				023B3F1E1EF3DEBD00FAB1AB /* ViewController.swift in Sources */,
				023B3F341EF76EB300FAB1AB /* Client.swift in Sources */,
				023B3F361EF7771000FAB1AB /* Decodable.swift in Sources */,
				023B3F301EF3DEDA00FAB1AB /* Request.swift in Sources */,
				023B3F321EF3DEDA00FAB1AB /* UserRequest.swift in Sources */,
				023B3F1C1EF3DEBD00FAB1AB /* AppDelegate.swift in Sources */,
			);
			runOnlyForDeploymentPostprocessing = 0;
		};
/* End PBXSourcesBuildPhase section */

/* Begin PBXVariantGroup section */
		023B3F1F1EF3DEBD00FAB1AB /* Main.storyboard */ = {
			isa = PBXVariantGroup;
			children = (
				023B3F201EF3DEBD00FAB1AB /* Base */,
			);
			name = Main.storyboard;
			sourceTree = "<group>";
		};
		023B3F241EF3DEBD00FAB1AB /* LaunchScreen.storyboard */ = {
			isa = PBXVariantGroup;
			children = (
				023B3F251EF3DEBD00FAB1AB /* Base */,
			);
			name = LaunchScreen.storyboard;
			sourceTree = "<group>";
		};
/* End PBXVariantGroup section */

/* Begin XCBuildConfiguration section */
		023B3F281EF3DEBD00FAB1AB /* Debug */ = {
			isa = XCBuildConfiguration;
			buildSettings = {
				ALWAYS_SEARCH_USER_PATHS = NO;
				CLANG_ANALYZER_NONNULL = YES;
				CLANG_ANALYZER_NUMBER_OBJECT_CONVERSION = YES_AGGRESSIVE;
				CLANG_CXX_LANGUAGE_STANDARD = "gnu++0x";
				CLANG_CXX_LIBRARY = "libc++";
				CLANG_ENABLE_MODULES = YES;
				CLANG_ENABLE_OBJC_ARC = YES;
				CLANG_WARN_BOOL_CONVERSION = YES;
				CLANG_WARN_CONSTANT_CONVERSION = YES;
				CLANG_WARN_DIRECT_OBJC_ISA_USAGE = YES_ERROR;
				CLANG_WARN_DOCUMENTATION_COMMENTS = YES;
				CLANG_WARN_EMPTY_BODY = YES;
				CLANG_WARN_ENUM_CONVERSION = YES;
				CLANG_WARN_INFINITE_RECURSION = YES;
				CLANG_WARN_INT_CONVERSION = YES;
				CLANG_WARN_OBJC_ROOT_CLASS = YES_ERROR;
				CLANG_WARN_SUSPICIOUS_MOVE = YES;
				CLANG_WARN_UNREACHABLE_CODE = YES;
				CLANG_WARN__DUPLICATE_METHOD_MATCH = YES;
				"CODE_SIGN_IDENTITY[sdk=iphoneos*]" = "iPhone Developer";
				COPY_PHASE_STRIP = NO;
				DEBUG_INFORMATION_FORMAT = dwarf;
				ENABLE_STRICT_OBJC_MSGSEND = YES;
				ENABLE_TESTABILITY = YES;
				GCC_C_LANGUAGE_STANDARD = gnu99;
				GCC_DYNAMIC_NO_PIC = NO;
				GCC_NO_COMMON_BLOCKS = YES;
				GCC_OPTIMIZATION_LEVEL = 0;
				GCC_PREPROCESSOR_DEFINITIONS = (
					"DEBUG=1",
					"$(inherited)",
				);
				GCC_WARN_64_TO_32_BIT_CONVERSION = YES;
				GCC_WARN_ABOUT_RETURN_TYPE = YES_ERROR;
				GCC_WARN_UNDECLARED_SELECTOR = YES;
				GCC_WARN_UNINITIALIZED_AUTOS = YES_AGGRESSIVE;
				GCC_WARN_UNUSED_FUNCTION = YES;
				GCC_WARN_UNUSED_VARIABLE = YES;
				IPHONEOS_DEPLOYMENT_TARGET = 10.3;
				MTL_ENABLE_DEBUG_INFO = YES;
				ONLY_ACTIVE_ARCH = YES;
				SDKROOT = iphoneos;
				SWIFT_ACTIVE_COMPILATION_CONDITIONS = DEBUG;
				SWIFT_OPTIMIZATION_LEVEL = "-Onone";
			};
			name = Debug;
		};
		023B3F291EF3DEBD00FAB1AB /* Release */ = {
			isa = XCBuildConfiguration;
			buildSettings = {
				ALWAYS_SEARCH_USER_PATHS = NO;
				CLANG_ANALYZER_NONNULL = YES;
				CLANG_ANALYZER_NUMBER_OBJECT_CONVERSION = YES_AGGRESSIVE;
				CLANG_CXX_LANGUAGE_STANDARD = "gnu++0x";
				CLANG_CXX_LIBRARY = "libc++";
				CLANG_ENABLE_MODULES = YES;
				CLANG_ENABLE_OBJC_ARC = YES;
				CLANG_WARN_BOOL_CONVERSION = YES;
				CLANG_WARN_CONSTANT_CONVERSION = YES;
				CLANG_WARN_DIRECT_OBJC_ISA_USAGE = YES_ERROR;
				CLANG_WARN_DOCUMENTATION_COMMENTS = YES;
				CLANG_WARN_EMPTY_BODY = YES;
				CLANG_WARN_ENUM_CONVERSION = YES;
				CLANG_WARN_INFINITE_RECURSION = YES;
				CLANG_WARN_INT_CONVERSION = YES;
				CLANG_WARN_OBJC_ROOT_CLASS = YES_ERROR;
				CLANG_WARN_SUSPICIOUS_MOVE = YES;
				CLANG_WARN_UNREACHABLE_CODE = YES;
				CLANG_WARN__DUPLICATE_METHOD_MATCH = YES;
				"CODE_SIGN_IDENTITY[sdk=iphoneos*]" = "iPhone Developer";
				COPY_PHASE_STRIP = NO;
				DEBUG_INFORMATION_FORMAT = "dwarf-with-dsym";
				ENABLE_NS_ASSERTIONS = NO;
				ENABLE_STRICT_OBJC_MSGSEND = YES;
				GCC_C_LANGUAGE_STANDARD = gnu99;
				GCC_NO_COMMON_BLOCKS = YES;
				GCC_WARN_64_TO_32_BIT_CONVERSION = YES;
				GCC_WARN_ABOUT_RETURN_TYPE = YES_ERROR;
				GCC_WARN_UNDECLARED_SELECTOR = YES;
				GCC_WARN_UNINITIALIZED_AUTOS = YES_AGGRESSIVE;
				GCC_WARN_UNUSED_FUNCTION = YES;
				GCC_WARN_UNUSED_VARIABLE = YES;
				IPHONEOS_DEPLOYMENT_TARGET = 10.3;
				MTL_ENABLE_DEBUG_INFO = NO;
				SDKROOT = iphoneos;
				SWIFT_OPTIMIZATION_LEVEL = "-Owholemodule";
				VALIDATE_PRODUCT = YES;
			};
			name = Release;
		};
		023B3F2B1EF3DEBD00FAB1AB /* Debug */ = {
			isa = XCBuildConfiguration;
			buildSettings = {
				ASSETCATALOG_COMPILER_APPICON_NAME = AppIcon;
				DEVELOPMENT_TEAM = 2L4985KKX7;
				INFOPLIST_FILE = "POP iOS/Info.plist";
				LD_RUNPATH_SEARCH_PATHS = "$(inherited) @executable_path/Frameworks";
				PRODUCT_BUNDLE_IDENTIFIER = "com.hanguang.app.POP-iOS";
				PRODUCT_NAME = "$(TARGET_NAME)";
				SWIFT_VERSION = 3.0;
			};
			name = Debug;
		};
		023B3F2C1EF3DEBD00FAB1AB /* Release */ = {
			isa = XCBuildConfiguration;
			buildSettings = {
				ASSETCATALOG_COMPILER_APPICON_NAME = AppIcon;
				DEVELOPMENT_TEAM = 2L4985KKX7;
				INFOPLIST_FILE = "POP iOS/Info.plist";
				LD_RUNPATH_SEARCH_PATHS = "$(inherited) @executable_path/Frameworks";
				PRODUCT_BUNDLE_IDENTIFIER = "com.hanguang.app.POP-iOS";
				PRODUCT_NAME = "$(TARGET_NAME)";
				SWIFT_VERSION = 3.0;
			};
			name = Release;
		};
/* End XCBuildConfiguration section */

/* Begin XCConfigurationList section */
		023B3F131EF3DEBD00FAB1AB /* Build configuration list for PBXProject "POP iOS" */ = {
			isa = XCConfigurationList;
			buildConfigurations = (
				023B3F281EF3DEBD00FAB1AB /* Debug */,
				023B3F291EF3DEBD00FAB1AB /* Release */,
			);
			defaultConfigurationIsVisible = 0;
			defaultConfigurationName = Release;
		};
		023B3F2A1EF3DEBD00FAB1AB /* Build configuration list for PBXNativeTarget "POP iOS" */ = {
			isa = XCConfigurationList;
			buildConfigurations = (
				023B3F2B1EF3DEBD00FAB1AB /* Debug */,
				023B3F2C1EF3DEBD00FAB1AB /* Release */,
			);
			defaultConfigurationIsVisible = 0;
		};
/* End XCConfigurationList section */
	};
	rootObject = 023B3F101EF3DEBD00FAB1AB /* Project object */;
}
